
Microsoft Visual Studio Solution File, Format Version 12.00
# Visual Studio Version 17
VisualStudioVersion = 17.6.33815.320
MinimumVisualStudioVersion = 10.0.40219.1
Project("{FAE04EC0-301F-11D3-BF4B-00C04F79EFBC}") = "App.config reading and writing", "App.config reading and writing\App.config reading and writing.csproj", "{678FBFBA-66AB-4B18-A0B6-D8B0BFFFC886}"
EndProject
Global
	GlobalSection(SolutionConfigurationPlatforms) = preSolution
		Debug|Any CPU = Debug|Any CPU
		Release|Any CPU = Release|Any CPU
	EndGlobalSection
	GlobalSection(ProjectConfigurationPlatforms) = postSolution
		{678FBFBA-66AB-4B18-A0B6-D8B0BFFFC886}.Debug|Any CPU.ActiveCfg = Debug|Any CPU
		{678FBFBA-66AB-4B18-A0B6-D8B0BFFFC886}.Debug|Any CPU.Build.0 = Debug|Any CPU
		{678FBFBA-66AB-4B18-A0B6-D8B0BFFFC886}.Release|Any CPU.ActiveCfg = Release|Any CPU
		{678FBFBA-66AB-4B18-A0B6-D8B0BFFFC886}.Release|Any CPU.Build.0 = Release|Any CPU
	EndGlobalSection
	GlobalSection(SolutionProperties) = preSolution
		HideSolutionNode = FALSE
	EndGlobalSection
	GlobalSection(ExtensibilityGlobals) = postSolution
		SolutionGuid = {37F4FACE-39AA-4269-B3E9-2B2429CB6D6E}
	EndGlobalSection
EndGlobal
